
Microsoft Visual Studio Solution File, Format Version 12.00
# Visual Studio 2012
Project("{FAE04EC0-301F-11D3-BF4B-00C04F79EFBC}") = "PhoneApp", "PhoneApp\PhoneApp.csproj", "{D36B8AC1-5F0B-4972-BDB4-75D793FBC50B}"
EndProject
Project("{FAE04EC0-301F-11D3-BF4B-00C04F79EFBC}") = "SqliteForWP8", "SQLiteForWP8\SqliteForWP8\SqliteForWP8\SqliteForWP8.csproj", "{8A40681D-98FC-4069-BC13-91837A6343CA}"
EndProject
Project("{FAE04EC0-301F-11D3-BF4B-00C04F79EFBC}") = "PopulateAzure", "PopulateAzure\PopulateAzure\PopulateAzure.csproj", "{685B94A9-CD0C-4224-8FEA-3784FE93B280}"
EndProject
Project("{FAE04EC0-301F-11D3-BF4B-00C04F79EFBC}") = "CommonBackstage", "CommonBackstage\CommonBackstage.csproj", "{A2506E7F-7BAF-40A7-B252-60E6DEF8643F}"
EndProject
Project("{8BC9CEB8-8B4A-11D0-8D11-00A0C91BC942}") = "Sqlite", "sqlite-net-wp8-master\sqlite-net-wp8-master\Sqlite.vcxproj", "{59B35F6C-E062-4F0E-88D8-13F3F82A24F3}"
EndProject
Global
	GlobalSection(SolutionConfigurationPlatforms) = preSolution
		Debug|Any CPU = Debug|Any CPU
		Debug|ARM = Debug|ARM
		Debug|Mixed Platforms = Debug|Mixed Platforms
		Debug|Win32 = Debug|Win32
		Debug|x86 = Debug|x86
		Release|Any CPU = Release|Any CPU
		Release|ARM = Release|ARM
		Release|Mixed Platforms = Release|Mixed Platforms
		Release|Win32 = Release|Win32
		Release|x86 = Release|x86
	EndGlobalSection
	GlobalSection(ProjectConfigurationPlatforms) = postSolution
		{D36B8AC1-5F0B-4972-BDB4-75D793FBC50B}.Debug|Any CPU.ActiveCfg = Debug|Any CPU
		{D36B8AC1-5F0B-4972-BDB4-75D793FBC50B}.Debug|Any CPU.Build.0 = Debug|Any CPU
		{D36B8AC1-5F0B-4972-BDB4-75D793FBC50B}.Debug|Any CPU.Deploy.0 = Debug|Any CPU
		{D36B8AC1-5F0B-4972-BDB4-75D793FBC50B}.Debug|ARM.ActiveCfg = Debug|ARM
		{D36B8AC1-5F0B-4972-BDB4-75D793FBC50B}.Debug|ARM.Build.0 = Debug|ARM
		{D36B8AC1-5F0B-4972-BDB4-75D793FBC50B}.Debug|ARM.Deploy.0 = Debug|ARM
		{D36B8AC1-5F0B-4972-BDB4-75D793FBC50B}.Debug|Mixed Platforms.ActiveCfg = Debug|x86
		{D36B8AC1-5F0B-4972-BDB4-75D793FBC50B}.Debug|Mixed Platforms.Build.0 = Debug|x86
		{D36B8AC1-5F0B-4972-BDB4-75D793FBC50B}.Debug|Mixed Platforms.Deploy.0 = Debug|x86
		{D36B8AC1-5F0B-4972-BDB4-75D793FBC50B}.Debug|Win32.ActiveCfg = Debug|x86
		{D36B8AC1-5F0B-4972-BDB4-75D793FBC50B}.Debug|Win32.Build.0 = Debug|x86
		{D36B8AC1-5F0B-4972-BDB4-75D793FBC50B}.Debug|Win32.Deploy.0 = Debug|x86
		{D36B8AC1-5F0B-4972-BDB4-75D793FBC50B}.Debug|x86.ActiveCfg = Debug|x86
		{D36B8AC1-5F0B-4972-BDB4-75D793FBC50B}.Debug|x86.Build.0 = Debug|x86
		{D36B8AC1-5F0B-4972-BDB4-75D793FBC50B}.Debug|x86.Deploy.0 = Debug|x86
		{D36B8AC1-5F0B-4972-BDB4-75D793FBC50B}.Release|Any CPU.ActiveCfg = Release|Any CPU
		{D36B8AC1-5F0B-4972-BDB4-75D793FBC50B}.Release|Any CPU.Build.0 = Release|Any CPU
		{D36B8AC1-5F0B-4972-BDB4-75D793FBC50B}.Release|Any CPU.Deploy.0 = Release|Any CPU
		{D36B8AC1-5F0B-4972-BDB4-75D793FBC50B}.Release|ARM.ActiveCfg = Release|ARM
		{D36B8AC1-5F0B-4972-BDB4-75D793FBC50B}.Release|ARM.Build.0 = Release|ARM
		{D36B8AC1-5F0B-4972-BDB4-75D793FBC50B}.Release|ARM.Deploy.0 = Release|ARM
		{D36B8AC1-5F0B-4972-BDB4-75D793FBC50B}.Release|Mixed Platforms.ActiveCfg = Release|x86
		{D36B8AC1-5F0B-4972-BDB4-75D793FBC50B}.Release|Mixed Platforms.Build.0 = Release|x86
		{D36B8AC1-5F0B-4972-BDB4-75D793FBC50B}.Release|Mixed Platforms.Deploy.0 = Release|x86
		{D36B8AC1-5F0B-4972-BDB4-75D793FBC50B}.Release|Win32.ActiveCfg = Release|x86
		{D36B8AC1-5F0B-4972-BDB4-75D793FBC50B}.Release|Win32.Build.0 = Release|x86
		{D36B8AC1-5F0B-4972-BDB4-75D793FBC50B}.Release|Win32.Deploy.0 = Release|x86
		{D36B8AC1-5F0B-4972-BDB4-75D793FBC50B}.Release|x86.ActiveCfg = Release|x86
		{D36B8AC1-5F0B-4972-BDB4-75D793FBC50B}.Release|x86.Build.0 = Release|x86
		{D36B8AC1-5F0B-4972-BDB4-75D793FBC50B}.Release|x86.Deploy.0 = Release|x86
		{8A40681D-98FC-4069-BC13-91837A6343CA}.Debug|Any CPU.ActiveCfg = Debug|Any CPU
		{8A40681D-98FC-4069-BC13-91837A6343CA}.Debug|Any CPU.Build.0 = Debug|Any CPU
		{8A40681D-98FC-4069-BC13-91837A6343CA}.Debug|Any CPU.Deploy.0 = Debug|Any CPU
		{8A40681D-98FC-4069-BC13-91837A6343CA}.Debug|ARM.ActiveCfg = Debug|ARM
		{8A40681D-98FC-4069-BC13-91837A6343CA}.Debug|ARM.Build.0 = Debug|ARM
		{8A40681D-98FC-4069-BC13-91837A6343CA}.Debug|ARM.Deploy.0 = Debug|ARM
		{8A40681D-98FC-4069-BC13-91837A6343CA}.Debug|Mixed Platforms.ActiveCfg = Debug|x86
		{8A40681D-98FC-4069-BC13-91837A6343CA}.Debug|Mixed Platforms.Deploy.0 = Debug|x86
		{8A40681D-98FC-4069-BC13-91837A6343CA}.Debug|Win32.ActiveCfg = Debug|x86
		{8A40681D-98FC-4069-BC13-91837A6343CA}.Debug|Win32.Build.0 = Debug|x86
		{8A40681D-98FC-4069-BC13-91837A6343CA}.Debug|Win32.Deploy.0 = Debug|x86
		{8A40681D-98FC-4069-BC13-91837A6343CA}.Debug|x86.ActiveCfg = Debug|x86
		{8A40681D-98FC-4069-BC13-91837A6343CA}.Debug|x86.Build.0 = Debug|x86
		{8A40681D-98FC-4069-BC13-91837A6343CA}.Debug|x86.Deploy.0 = Debug|x86
		{8A40681D-98FC-4069-BC13-91837A6343CA}.Release|Any CPU.ActiveCfg = Release|Any CPU
		{8A40681D-98FC-4069-BC13-91837A6343CA}.Release|Any CPU.Build.0 = Release|Any CPU
		{8A40681D-98FC-4069-BC13-91837A6343CA}.Release|Any CPU.Deploy.0 = Release|Any CPU
		{8A40681D-98FC-4069-BC13-91837A6343CA}.Release|ARM.ActiveCfg = Release|ARM
		{8A40681D-98FC-4069-BC13-91837A6343CA}.Release|ARM.Build.0 = Release|ARM
		{8A40681D-98FC-4069-BC13-91837A6343CA}.Release|ARM.Deploy.0 = Release|ARM
		{8A40681D-98FC-4069-BC13-91837A6343CA}.Release|Mixed Platforms.ActiveCfg = Release|x86
		{8A40681D-98FC-4069-BC13-91837A6343CA}.Release|Mixed Platforms.Deploy.0 = Release|x86
		{8A40681D-98FC-4069-BC13-91837A6343CA}.Release|Win32.ActiveCfg = Release|x86
		{8A40681D-98FC-4069-BC13-91837A6343CA}.Release|Win32.Build.0 = Release|x86
		{8A40681D-98FC-4069-BC13-91837A6343CA}.Release|Win32.Deploy.0 = Release|x86
		{8A40681D-98FC-4069-BC13-91837A6343CA}.Release|x86.ActiveCfg = Release|x86
		{8A40681D-98FC-4069-BC13-91837A6343CA}.Release|x86.Build.0 = Release|x86
		{8A40681D-98FC-4069-BC13-91837A6343CA}.Release|x86.Deploy.0 = Release|x86
		{685B94A9-CD0C-4224-8FEA-3784FE93B280}.Debug|Any CPU.ActiveCfg = Debug|Any CPU
		{685B94A9-CD0C-4224-8FEA-3784FE93B280}.Debug|Any CPU.Build.0 = Debug|Any CPU
		{685B94A9-CD0C-4224-8FEA-3784FE93B280}.Debug|Any CPU.Deploy.0 = Debug|Any CPU
		{685B94A9-CD0C-4224-8FEA-3784FE93B280}.Debug|ARM.ActiveCfg = Debug|ARM
		{685B94A9-CD0C-4224-8FEA-3784FE93B280}.Debug|ARM.Build.0 = Debug|ARM
		{685B94A9-CD0C-4224-8FEA-3784FE93B280}.Debug|ARM.Deploy.0 = Debug|ARM
		{685B94A9-CD0C-4224-8FEA-3784FE93B280}.Debug|Mixed Platforms.ActiveCfg = Debug|x86
		{685B94A9-CD0C-4224-8FEA-3784FE93B280}.Debug|Mixed Platforms.Build.0 = Debug|x86
		{685B94A9-CD0C-4224-8FEA-3784FE93B280}.Debug|Mixed Platforms.Deploy.0 = Debug|x86
		{685B94A9-CD0C-4224-8FEA-3784FE93B280}.Debug|Win32.ActiveCfg = Debug|x86
		{685B94A9-CD0C-4224-8FEA-3784FE93B280}.Debug|Win32.Build.0 = Debug|x86
		{685B94A9-CD0C-4224-8FEA-3784FE93B280}.Debug|Win32.Deploy.0 = Debug|x86
		{685B94A9-CD0C-4224-8FEA-3784FE93B280}.Debug|x86.ActiveCfg = Debug|x86
		{685B94A9-CD0C-4224-8FEA-3784FE93B280}.Debug|x86.Build.0 = Debug|x86
		{685B94A9-CD0C-4224-8FEA-3784FE93B280}.Debug|x86.Deploy.0 = Debug|x86
		{685B94A9-CD0C-4224-8FEA-3784FE93B280}.Release|Any CPU.ActiveCfg = Release|Any CPU
		{685B94A9-CD0C-4224-8FEA-3784FE93B280}.Release|Any CPU.Build.0 = Release|Any CPU
		{685B94A9-CD0C-4224-8FEA-3784FE93B280}.Release|Any CPU.Deploy.0 = Release|Any CPU
		{685B94A9-CD0C-4224-8FEA-3784FE93B280}.Release|ARM.ActiveCfg = Release|ARM
		{685B94A9-CD0C-4224-8FEA-3784FE93B280}.Release|ARM.Build.0 = Release|ARM
		{685B94A9-CD0C-4224-8FEA-3784FE93B280}.Release|ARM.Deploy.0 = Release|ARM
		{685B94A9-CD0C-4224-8FEA-3784FE93B280}.Release|Mixed Platforms.ActiveCfg = Release|x86
		{685B94A9-CD0C-4224-8FEA-3784FE93B280}.Release|Mixed Platforms.Build.0 = Release|x86
		{685B94A9-CD0C-4224-8FEA-3784FE93B280}.Release|Mixed Platforms.Deploy.0 = Release|x86
		{685B94A9-CD0C-4224-8FEA-3784FE93B280}.Release|Win32.ActiveCfg = Release|x86
		{685B94A9-CD0C-4224-8FEA-3784FE93B280}.Release|Win32.Build.0 = Release|x86
		{685B94A9-CD0C-4224-8FEA-3784FE93B280}.Release|Win32.Deploy.0 = Release|x86
		{685B94A9-CD0C-4224-8FEA-3784FE93B280}.Release|x86.ActiveCfg = Release|x86
		{685B94A9-CD0C-4224-8FEA-3784FE93B280}.Release|x86.Build.0 = Release|x86
		{685B94A9-CD0C-4224-8FEA-3784FE93B280}.Release|x86.Deploy.0 = Release|x86
		{A2506E7F-7BAF-40A7-B252-60E6DEF8643F}.Debug|Any CPU.ActiveCfg = Debug|Any CPU
		{A2506E7F-7BAF-40A7-B252-60E6DEF8643F}.Debug|Any CPU.Build.0 = Debug|Any CPU
		{A2506E7F-7BAF-40A7-B252-60E6DEF8643F}.Debug|ARM.ActiveCfg = Debug|ARM
		{A2506E7F-7BAF-40A7-B252-60E6DEF8643F}.Debug|ARM.Build.0 = Debug|ARM
		{A2506E7F-7BAF-40A7-B252-60E6DEF8643F}.Debug|Mixed Platforms.ActiveCfg = Debug|x86
		{A2506E7F-7BAF-40A7-B252-60E6DEF8643F}.Debug|Mixed Platforms.Build.0 = Debug|x86
		{A2506E7F-7BAF-40A7-B252-60E6DEF8643F}.Debug|Win32.ActiveCfg = Debug|x86
		{A2506E7F-7BAF-40A7-B252-60E6DEF8643F}.Debug|Win32.Build.0 = Debug|x86
		{A2506E7F-7BAF-40A7-B252-60E6DEF8643F}.Debug|x86.ActiveCfg = Debug|x86
		{A2506E7F-7BAF-40A7-B252-60E6DEF8643F}.Debug|x86.Build.0 = Debug|x86
		{A2506E7F-7BAF-40A7-B252-60E6DEF8643F}.Release|Any CPU.ActiveCfg = Release|Any CPU
		{A2506E7F-7BAF-40A7-B252-60E6DEF8643F}.Release|Any CPU.Build.0 = Release|Any CPU
		{A2506E7F-7BAF-40A7-B252-60E6DEF8643F}.Release|ARM.ActiveCfg = Release|ARM
		{A2506E7F-7BAF-40A7-B252-60E6DEF8643F}.Release|ARM.Build.0 = Release|ARM
		{A2506E7F-7BAF-40A7-B252-60E6DEF8643F}.Release|Mixed Platforms.ActiveCfg = Release|x86
		{A2506E7F-7BAF-40A7-B252-60E6DEF8643F}.Release|Mixed Platforms.Build.0 = Release|x86
		{A2506E7F-7BAF-40A7-B252-60E6DEF8643F}.Release|Win32.ActiveCfg = Release|x86
		{A2506E7F-7BAF-40A7-B252-60E6DEF8643F}.Release|Win32.Build.0 = Release|x86
		{A2506E7F-7BAF-40A7-B252-60E6DEF8643F}.Release|x86.ActiveCfg = Release|x86
		{A2506E7F-7BAF-40A7-B252-60E6DEF8643F}.Release|x86.Build.0 = Release|x86
		{59B35F6C-E062-4F0E-88D8-13F3F82A24F3}.Debug|Any CPU.ActiveCfg = Debug|Win32
		{59B35F6C-E062-4F0E-88D8-13F3F82A24F3}.Debug|ARM.ActiveCfg = Debug|ARM
		{59B35F6C-E062-4F0E-88D8-13F3F82A24F3}.Debug|ARM.Build.0 = Debug|ARM
		{59B35F6C-E062-4F0E-88D8-13F3F82A24F3}.Debug|Mixed Platforms.ActiveCfg = Debug|Win32
		{59B35F6C-E062-4F0E-88D8-13F3F82A24F3}.Debug|Win32.ActiveCfg = Debug|Win32
		{59B35F6C-E062-4F0E-88D8-13F3F82A24F3}.Debug|Win32.Build.0 = Debug|Win32
		{59B35F6C-E062-4F0E-88D8-13F3F82A24F3}.Debug|x86.ActiveCfg = Debug|Win32
		{59B35F6C-E062-4F0E-88D8-13F3F82A24F3}.Debug|x86.Build.0 = Debug|Win32
		{59B35F6C-E062-4F0E-88D8-13F3F82A24F3}.Release|Any CPU.ActiveCfg = Release|Win32
		{59B35F6C-E062-4F0E-88D8-13F3F82A24F3}.Release|ARM.ActiveCfg = Release|ARM
		{59B35F6C-E062-4F0E-88D8-13F3F82A24F3}.Release|ARM.Build.0 = Release|ARM
		{59B35F6C-E062-4F0E-88D8-13F3F82A24F3}.Release|Mixed Platforms.ActiveCfg = Release|Win32
		{59B35F6C-E062-4F0E-88D8-13F3F82A24F3}.Release|Win32.ActiveCfg = Release|Win32
		{59B35F6C-E062-4F0E-88D8-13F3F82A24F3}.Release|Win32.Build.0 = Release|Win32
		{59B35F6C-E062-4F0E-88D8-13F3F82A24F3}.Release|x86.ActiveCfg = Release|Win32
		{59B35F6C-E062-4F0E-88D8-13F3F82A24F3}.Release|x86.Build.0 = Release|Win32
	EndGlobalSection
	GlobalSection(SolutionProperties) = preSolution
		HideSolutionNode = FALSE
	EndGlobalSection
EndGlobal
